{
  "name": "teste-pacote-npm",
  "version": "1.0.0",
  "lockfileVersion": 1,
  "requires": true,
  "dependencies": {
    "lincon-cs-2018": {
      "version": "1.0.0",
      "resolved": "https://registry.npmjs.org/lincon-cs-2018/-/lincon-cs-2018-1.0.0.tgz",
      "integrity": "sha512-zd4cqb03febsbbGPW2HcUg1qxfmr7zKMRoB1J/8RlgCwETbfA4CnNHApiruXSAVjBvk9ViFncA4IPyc40JQBGg=="
    }
  }
}
